
Microsoft Visual Studio Solution File, Format Version 12.00
# Visual Studio 2013
VisualStudioVersion = 12.0.30501.0
MinimumVisualStudioVersion = 10.0.40219.1
Project("{FAE04EC0-301F-11D3-BF4B-00C04F79EFBC}") = "CommentEngine.Web", "CommentEngine\CommentEngine.Web.csproj", "{8B469919-28D7-4AF1-92F4-1790DEBE0AF3}"
EndProject
Project("{FAE04EC0-301F-11D3-BF4B-00C04F79EFBC}") = "CommentEngine.Data", "CommentEngine.Data\CommentEngine.Data.csproj", "{834C36DF-E295-40F6-BC67-20C34D4DBB39}"
EndProject
Global
	GlobalSection(SolutionConfigurationPlatforms) = preSolution
		Debug|Any CPU = Debug|Any CPU
		Release|Any CPU = Release|Any CPU
	EndGlobalSection
	GlobalSection(ProjectConfigurationPlatforms) = postSolution
		{8B469919-28D7-4AF1-92F4-1790DEBE0AF3}.Debug|Any CPU.ActiveCfg = Debug|Any CPU
		{8B469919-28D7-4AF1-92F4-1790DEBE0AF3}.Debug|Any CPU.Build.0 = Debug|Any CPU
		{8B469919-28D7-4AF1-92F4-1790DEBE0AF3}.Release|Any CPU.ActiveCfg = Release|Any CPU
		{8B469919-28D7-4AF1-92F4-1790DEBE0AF3}.Release|Any CPU.Build.0 = Release|Any CPU
		{834C36DF-E295-40F6-BC67-20C34D4DBB39}.Debug|Any CPU.ActiveCfg = Debug|Any CPU
		{834C36DF-E295-40F6-BC67-20C34D4DBB39}.Debug|Any CPU.Build.0 = Debug|Any CPU
		{834C36DF-E295-40F6-BC67-20C34D4DBB39}.Release|Any CPU.ActiveCfg = Release|Any CPU
		{834C36DF-E295-40F6-BC67-20C34D4DBB39}.Release|Any CPU.Build.0 = Release|Any CPU
	EndGlobalSection
	GlobalSection(SolutionProperties) = preSolution
		HideSolutionNode = FALSE
	EndGlobalSection
EndGlobal
